
Microsoft Visual Studio Solution File, Format Version 12.00
Project("{FAE04EC0-301F-11D3-BF4B-00C04F79EFBC}") = "PrometheusDemo", "PrometheusDemo\PrometheusDemo.csproj", "{B57F74B4-5B19-4EAD-A1B6-4AAF1F116123}"
EndProject
Global
	GlobalSection(SolutionConfigurationPlatforms) = preSolution
		Debug|Any CPU = Debug|Any CPU
		Release|Any CPU = Release|Any CPU
	EndGlobalSection
	GlobalSection(ProjectConfigurationPlatforms) = postSolution
		{B57F74B4-5B19-4EAD-A1B6-4AAF1F116123}.Debug|Any CPU.ActiveCfg = Debug|Any CPU
		{B57F74B4-5B19-4EAD-A1B6-4AAF1F116123}.Debug|Any CPU.Build.0 = Debug|Any CPU
		{B57F74B4-5B19-4EAD-A1B6-4AAF1F116123}.Release|Any CPU.ActiveCfg = Release|Any CPU
		{B57F74B4-5B19-4EAD-A1B6-4AAF1F116123}.Release|Any CPU.Build.0 = Release|Any CPU
	EndGlobalSection
EndGlobal
